
Microsoft Visual Studio Solution File, Format Version 12.00
# Visual Studio Version 17
VisualStudioVersion = 17.9.34622.214
MinimumVisualStudioVersion = 10.0.40219.1
Project("{FAE04EC0-301F-11D3-BF4B-00C04F79EFBC}") = "PRELIM_E3_ASSIGNMENT_BONGOJAYFORD_BSCS32E1", "PRELIM_E3_ASSIGNMENT_BONGOJAYFORD_BSCS32E1\PRELIM_E3_ASSIGNMENT_BONGOJAYFORD_BSCS32E1.csproj", "{56550569-AEC3-4DBB-A9BD-45545B22550C}"
EndProject
Global
	GlobalSection(SolutionConfigurationPlatforms) = preSolution
		Debug|Any CPU = Debug|Any CPU
		Release|Any CPU = Release|Any CPU
	EndGlobalSection
	GlobalSection(ProjectConfigurationPlatforms) = postSolution
		{56550569-AEC3-4DBB-A9BD-45545B22550C}.Debug|Any CPU.ActiveCfg = Debug|Any CPU
		{56550569-AEC3-4DBB-A9BD-45545B22550C}.Debug|Any CPU.Build.0 = Debug|Any CPU
		{56550569-AEC3-4DBB-A9BD-45545B22550C}.Release|Any CPU.ActiveCfg = Release|Any CPU
		{56550569-AEC3-4DBB-A9BD-45545B22550C}.Release|Any CPU.Build.0 = Release|Any CPU
	EndGlobalSection
	GlobalSection(SolutionProperties) = preSolution
		HideSolutionNode = FALSE
	EndGlobalSection
	GlobalSection(ExtensibilityGlobals) = postSolution
		SolutionGuid = {51DF8719-21CB-4375-9274-F70C7A607380}
	EndGlobalSection
EndGlobal
