
Microsoft Visual Studio Solution File, Format Version 12.00
# Visual Studio Version 17
VisualStudioVersion = 17.9.34622.214
MinimumVisualStudioVersion = 10.0.40219.1
Project("{9A19103F-16F7-4668-BE54-9A1E7A4F7556}") = "PRELIM_E3_ASSIGNMENT_BONGOJAYFORD_BSCS32E1", "PRELIM_E3_ASSIGNMENT_BONGOJAYFORD_BSCS32E1\PRELIM_E3_ASSIGNMENT_BONGOJAYFORD_BSCS32E1.csproj", "{5CA81370-B048-43F0-AA60-990C33E322BC}"
EndProject
Global
	GlobalSection(SolutionConfigurationPlatforms) = preSolution
		Debug|Any CPU = Debug|Any CPU
		Release|Any CPU = Release|Any CPU
	EndGlobalSection
	GlobalSection(ProjectConfigurationPlatforms) = postSolution
		{5CA81370-B048-43F0-AA60-990C33E322BC}.Debug|Any CPU.ActiveCfg = Debug|Any CPU
		{5CA81370-B048-43F0-AA60-990C33E322BC}.Debug|Any CPU.Build.0 = Debug|Any CPU
		{5CA81370-B048-43F0-AA60-990C33E322BC}.Release|Any CPU.ActiveCfg = Release|Any CPU
		{5CA81370-B048-43F0-AA60-990C33E322BC}.Release|Any CPU.Build.0 = Release|Any CPU
	EndGlobalSection
	GlobalSection(SolutionProperties) = preSolution
		HideSolutionNode = FALSE
	EndGlobalSection
	GlobalSection(ExtensibilityGlobals) = postSolution
		SolutionGuid = {087DF1A0-4BB4-4D47-A385-160176CB56C1}
	EndGlobalSection
EndGlobal
